// !$*UTF8*$!
{
	archiveVersion = 1;
	classes = {
	};
	objectVersion = 46;
	objects = {

/* Begin PBXBuildFile section */
		6344B72E1B6033BD00232CE2 /* AppDelegate.swift in Sources */ = {isa = PBXBuildFile; fileRef = 6344B72D1B6033BD00232CE2 /* AppDelegate.swift */; };
		6344B7301B6033BD00232CE2 /* ViewController.swift in Sources */ = {isa = PBXBuildFile; fileRef = 6344B72F1B6033BD00232CE2 /* ViewController.swift */; };
		6344B7331B6033BD00232CE2 /* Main.storyboard in Resources */ = {isa = PBXBuildFile; fileRef = 6344B7311B6033BD00232CE2 /* Main.storyboard */; };
		6344B7351B6033BD00232CE2 /* Images.xcassets in Resources */ = {isa = PBXBuildFile; fileRef = 6344B7341B6033BD00232CE2 /* Images.xcassets */; };
		6344B7381B6033BD00232CE2 /* LaunchScreen.xib in Resources */ = {isa = PBXBuildFile; fileRef = 6344B7361B6033BD00232CE2 /* LaunchScreen.xib */; };
		6344B7441B6033BD00232CE2 /* icraMenuTests.swift in Sources */ = {isa = PBXBuildFile; fileRef = 6344B7431B6033BD00232CE2 /* icraMenuTests.swift */; };
/* End PBXBuildFile section */

/* Begin PBXContainerItemProxy section */
		6344B73E1B6033BD00232CE2 /* PBXContainerItemProxy */ = {
			isa = PBXContainerItemProxy;
			containerPortal = 6344B7201B6033BD00232CE2 /* Project object */;
			proxyType = 1;
			remoteGlobalIDString = 6344B7271B6033BD00232CE2;
			remoteInfo = icraMenu;
		};
/* End PBXContainerItemProxy section */

/* Begin PBXFileReference section */
		6344B7281B6033BD00232CE2 /* icraMenu.app */ = {isa = PBXFileReference; explicitFileType = wrapper.application; includeInIndex = 0; path = icraMenu.app; sourceTree = BUILT_PRODUCTS_DIR; };
		6344B72C1B6033BD00232CE2 /* Info.plist */ = {isa = PBXFileReference; lastKnownFileType = text.plist.xml; path = Info.plist; sourceTree = "<group>"; };
		6344B72D1B6033BD00232CE2 /* AppDelegate.swift */ = {isa = PBXFileReference; lastKnownFileType = sourcecode.swift; path = AppDelegate.swift; sourceTree = "<group>"; };
		6344B72F1B6033BD00232CE2 /* ViewController.swift */ = {isa = PBXFileReference; lastKnownFileType = sourcecode.swift; path = ViewController.swift; sourceTree = "<group>"; };
		6344B7321B6033BD00232CE2 /* Base */ = {isa = PBXFileReference; lastKnownFileType = file.storyboard; name = Base; path = Base.lproj/Main.storyboard; sourceTree = "<group>"; };
		6344B7341B6033BD00232CE2 /* Images.xcassets */ = {isa = PBXFileReference; lastKnownFileType = folder.assetcatalog; path = Images.xcassets; sourceTree = "<group>"; };
		6344B7371B6033BD00232CE2 /* Base */ = {isa = PBXFileReference; lastKnownFileType = file.xib; name = Base; path = Base.lproj/LaunchScreen.xib; sourceTree = "<group>"; };
		6344B73D1B6033BD00232CE2 /* icraMenuTests.xctest */ = {isa = PBXFileReference; explicitFileType = wrapper.cfbundle; includeInIndex = 0; path = icraMenuTests.xctest; sourceTree = BUILT_PRODUCTS_DIR; };
		6344B7421B6033BD00232CE2 /* Info.plist */ = {isa = PBXFileReference; lastKnownFileType = text.plist.xml; path = Info.plist; sourceTree = "<group>"; };
		6344B7431B6033BD00232CE2 /* icraMenuTests.swift */ = {isa = PBXFileReference; lastKnownFileType = sourcecode.swift; path = icraMenuTests.swift; sourceTree = "<group>"; };
/* End PBXFileReference section */

/* Begin PBXFrameworksBuildPhase section */
		6344B7251B6033BD00232CE2 /* Frameworks */ = {
			isa = PBXFrameworksBuildPhase;
			buildActionMask = 2147483647;
			files = (
			);
			runOnlyForDeploymentPostprocessing = 0;
		};
		6344B73A1B6033BD00232CE2 /* Frameworks */ = {
			isa = PBXFrameworksBuildPhase;
			buildActionMask = 2147483647;
			files = (
			);
			runOnlyForDeploymentPostprocessing = 0;
		};
/* End PBXFrameworksBuildPhase section */

/* Begin PBXGroup section */
		6344B71F1B6033BD00232CE2 = {
			isa = PBXGroup;
			children = (
				6344B72A1B6033BD00232CE2 /* icraMenu */,
				6344B7401B6033BD00232CE2 /* icraMenuTests */,
				6344B7291B6033BD00232CE2 /* Products */,
			);
			sourceTree = "<group>";
		};
		6344B7291B6033BD00232CE2 /* Products */ = {
			isa = PBXGroup;
			children = (
				6344B7281B6033BD00232CE2 /* icraMenu.app */,
				6344B73D1B6033BD00232CE2 /* icraMenuTests.xctest */,
			);
			name = Products;
			sourceTree = "<group>";
		};
		6344B72A1B6033BD00232CE2 /* icraMenu */ = {
			isa = PBXGroup;
			children = (
				6344B72D1B6033BD00232CE2 /* AppDelegate.swift */,
				6344B72F1B6033BD00232CE2 /* ViewController.swift */,
				6344B7311B6033BD00232CE2 /* Main.storyboard */,
				6344B7341B6033BD00232CE2 /* Images.xcassets */,
				6344B7361B6033BD00232CE2 /* LaunchScreen.xib */,
				6344B72B1B6033BD00232CE2 /* Supporting Files */,
			);
			path = icraMenu;
			sourceTree = "<group>";
		};
		6344B72B1B6033BD00232CE2 /* Supporting Files */ = {
			isa = PBXGroup;
			children = (
				6344B72C1B6033BD00232CE2 /* Info.plist */,
			);
			name = "Supporting Files";
			sourceTree = "<group>";
		};
		6344B7401B6033BD00232CE2 /* icraMenuTests */ = {
			isa = PBXGroup;
			children = (
				6344B7431B6033BD00232CE2 /* icraMenuTests.swift */,
				6344B7411B6033BD00232CE2 /* Supporting Files */,
			);
			path = icraMenuTests;
			sourceTree = "<group>";
		};
		6344B7411B6033BD00232CE2 /* Supporting Files */ = {
			isa = PBXGroup;
			children = (
				6344B7421B6033BD00232CE2 /* Info.plist */,
			);
			name = "Supporting Files";
			sourceTree = "<group>";
		};
/* End PBXGroup section */

/* Begin PBXNativeTarget section */
		6344B7271B6033BD00232CE2 /* icraMenu */ = {
			isa = PBXNativeTarget;
			buildConfigurationList = 6344B7471B6033BD00232CE2 /* Build configuration list for PBXNativeTarget "icraMenu" */;
			buildPhases = (
				6344B7241B6033BD00232CE2 /* Sources */,
				6344B7251B6033BD00232CE2 /* Frameworks */,
				6344B7261B6033BD00232CE2 /* Resources */,
			);
			buildRules = (
			);
			dependencies = (
			);
			name = icraMenu;
			productName = icraMenu;
			productReference = 6344B7281B6033BD00232CE2 /* icraMenu.app */;
			productType = "com.apple.product-type.application";
		};
		6344B73C1B6033BD00232CE2 /* icraMenuTests */ = {
			isa = PBXNativeTarget;
			buildConfigurationList = 6344B74A1B6033BD00232CE2 /* Build configuration list for PBXNativeTarget "icraMenuTests" */;
			buildPhases = (
				6344B7391B6033BD00232CE2 /* Sources */,
				6344B73A1B6033BD00232CE2 /* Frameworks */,
				6344B73B1B6033BD00232CE2 /* Resources */,
			);
			buildRules = (
			);
			dependencies = (
				6344B73F1B6033BD00232CE2 /* PBXTargetDependency */,
			);
			name = icraMenuTests;
			productName = icraMenuTests;
			productReference = 6344B73D1B6033BD00232CE2 /* icraMenuTests.xctest */;
			productType = "com.apple.product-type.bundle.unit-test";
		};
/* End PBXNativeTarget section */

/* Begin PBXProject section */
		6344B7201B6033BD00232CE2 /* Project object */ = {
			isa = PBXProject;
			attributes = {
				LastUpgradeCheck = 0640;
				ORGANIZATIONNAME = "John Ta";
				TargetAttributes = {
					6344B7271B6033BD00232CE2 = {
						CreatedOnToolsVersion = 6.4;
					};
					6344B73C1B6033BD00232CE2 = {
						CreatedOnToolsVersion = 6.4;
						TestTargetID = 6344B7271B6033BD00232CE2;
					};
				};
			};
			buildConfigurationList = 6344B7231B6033BD00232CE2 /* Build configuration list for PBXProject "icraMenu" */;
			compatibilityVersion = "Xcode 3.2";
			developmentRegion = English;
			hasScannedForEncodings = 0;
			knownRegions = (
				en,
				Base,
			);
			mainGroup = 6344B71F1B6033BD00232CE2;
			productRefGroup = 6344B7291B6033BD00232CE2 /* Products */;
			projectDirPath = "";
			projectRoot = "";
			targets = (
				6344B7271B6033BD00232CE2 /* icraMenu */,
				6344B73C1B6033BD00232CE2 /* icraMenuTests */,
			);
		};
/* End PBXProject section */

/* Begin PBXResourcesBuildPhase section */
		6344B7261B6033BD00232CE2 /* Resources */ = {
			isa = PBXResourcesBuildPhase;
			buildActionMask = 2147483647;
			files = (
				6344B7331B6033BD00232CE2 /* Main.storyboard in Resources */,
				6344B7381B6033BD00232CE2 /* LaunchScreen.xib in Resources */,
				6344B7351B6033BD00232CE2 /* Images.xcassets in Resources */,
			);
			runOnlyForDeploymentPostprocessing = 0;
		};
		6344B73B1B6033BD00232CE2 /* Resources */ = {
			isa = PBXResourcesBuildPhase;
			buildActionMask = 2147483647;
			files = (
			);
			runOnlyForDeploymentPostprocessing = 0;
		};
/* End PBXResourcesBuildPhase section */

/* Begin PBXSourcesBuildPhase section */
		6344B7241B6033BD00232CE2 /* Sources */ = {
			isa = PBXSourcesBuildPhase;
			buildActionMask = 2147483647;
			files = (
				6344B7301B6033BD00232CE2 /* ViewController.swift in Sources */,
				6344B72E1B6033BD00232CE2 /* AppDelegate.swift in Sources */,
			);
			runOnlyForDeploymentPostprocessing = 0;
		};
		6344B7391B6033BD00232CE2 /* Sources */ = {
			isa = PBXSourcesBuildPhase;
			buildActionMask = 2147483647;
			files = (
				6344B7441B6033BD00232CE2 /* icraMenuTests.swift in Sources */,
			);
			runOnlyForDeploymentPostprocessing = 0;
		};
/* End PBXSourcesBuildPhase section */

/* Begin PBXTargetDependency section */
		6344B73F1B6033BD00232CE2 /* PBXTargetDependency */ = {
			isa = PBXTargetDependency;
			target = 6344B7271B6033BD00232CE2 /* icraMenu */;
			targetProxy = 6344B73E1B6033BD00232CE2 /* PBXContainerItemProxy */;
		};
/* End PBXTargetDependency section */

/* Begin PBXVariantGroup section */
		6344B7311B6033BD00232CE2 /* Main.storyboard */ = {
			isa = PBXVariantGroup;
			children = (
				6344B7321B6033BD00232CE2 /* Base */,
			);
			name = Main.storyboard;
			sourceTree = "<group>";
		};
		6344B7361B6033BD00232CE2 /* LaunchScreen.xib */ = {
			isa = PBXVariantGroup;
			children = (
				6344B7371B6033BD00232CE2 /* Base */,
			);
			name = LaunchScreen.xib;
			sourceTree = "<group>";
		};
/* End PBXVariantGroup section */

/* Begin XCBuildConfiguration section */
		6344B7451B6033BD00232CE2 /* Debug */ = {
			isa = XCBuildConfiguration;
			buildSettings = {
				ALWAYS_SEARCH_USER_PATHS = NO;
				CLANG_CXX_LANGUAGE_STANDARD = "gnu++0x";
				CLANG_CXX_LIBRARY = "libc++";
				CLANG_ENABLE_MODULES = YES;
				CLANG_ENABLE_OBJC_ARC = YES;
				CLANG_WARN_BOOL_CONVERSION = YES;
				CLANG_WARN_CONSTANT_CONVERSION = YES;
				CLANG_WARN_DIRECT_OBJC_ISA_USAGE = YES_ERROR;
				CLANG_WARN_EMPTY_BODY = YES;
				CLANG_WARN_ENUM_CONVERSION = YES;
				CLANG_WARN_INT_CONVERSION = YES;
				CLANG_WARN_OBJC_ROOT_CLASS = YES_ERROR;
				CLANG_WARN_UNREACHABLE_CODE = YES;
				CLANG_WARN__DUPLICATE_METHOD_MATCH = YES;
				"CODE_SIGN_IDENTITY[sdk=iphoneos*]" = "iPhone Developer";
				COPY_PHASE_STRIP = NO;
				DEBUG_INFORMATION_FORMAT = "dwarf-with-dsym";
				ENABLE_STRICT_OBJC_MSGSEND = YES;
				GCC_C_LANGUAGE_STANDARD = gnu99;
				GCC_DYNAMIC_NO_PIC = NO;
				GCC_NO_COMMON_BLOCKS = YES;
				GCC_OPTIMIZATION_LEVEL = 0;
				GCC_PREPROCESSOR_DEFINITIONS = (
					"DEBUG=1",
					"$(inherited)",
				);
				GCC_SYMBOLS_PRIVATE_EXTERN = NO;
				GCC_WARN_64_TO_32_BIT_CONVERSION = YES;
				GCC_WARN_ABOUT_RETURN_TYPE = YES_ERROR;
				GCC_WARN_UNDECLARED_SELECTOR = YES;
				GCC_WARN_UNINITIALIZED_AUTOS = YES_AGGRESSIVE;
				GCC_WARN_UNUSED_FUNCTION = YES;
				GCC_WARN_UNUSED_VARIABLE = YES;
				IPHONEOS_DEPLOYMENT_TARGET = 8.4;
				MTL_ENABLE_DEBUG_INFO = YES;
				ONLY_ACTIVE_ARCH = YES;
				SDKROOT = iphoneos;
				SWIFT_OPTIMIZATION_LEVEL = "-Onone";
				TARGETED_DEVICE_FAMILY = "1,2";
			};
			name = Debug;
		};
		6344B7461B6033BD00232CE2 /* Release */ = {
			isa = XCBuildConfiguration;
			buildSettings = {
				ALWAYS_SEARCH_USER_PATHS = NO;
				CLANG_CXX_LANGUAGE_STANDARD = "gnu++0x";
				CLANG_CXX_LIBRARY = "libc++";
				CLANG_ENABLE_MODULES = YES;
				CLANG_ENABLE_OBJC_ARC = YES;
				CLANG_WARN_BOOL_CONVERSION = YES;
				CLANG_WARN_CONSTANT_CONVERSION = YES;
				CLANG_WARN_DIRECT_OBJC_ISA_USAGE = YES_ERROR;
				CLANG_WARN_EMPTY_BODY = YES;
				CLANG_WARN_ENUM_CONVERSION = YES;
				CLANG_WARN_INT_CONVERSION = YES;
				CLANG_WARN_OBJC_ROOT_CLASS = YES_ERROR;
				CLANG_WARN_UNREACHABLE_CODE = YES;
				CLANG_WARN__DUPLICATE_METHOD_MATCH = YES;
				"CODE_SIGN_IDENTITY[sdk=iphoneos*]" = "iPhone Developer";
				COPY_PHASE_STRIP = NO;
				DEBUG_INFORMATION_FORMAT = "dwarf-with-dsym";
				ENABLE_NS_ASSERTIONS = NO;
				ENABLE_STRICT_OBJC_MSGSEND = YES;
				GCC_C_LANGUAGE_STANDARD = gnu99;
				GCC_NO_COMMON_BLOCKS = YES;
				GCC_WARN_64_TO_32_BIT_CONVERSION = YES;
				GCC_WARN_ABOUT_RETURN_TYPE = YES_ERROR;
				GCC_WARN_UNDECLARED_SELECTOR = YES;
				GCC_WARN_UNINITIALIZED_AUTOS = YES_AGGRESSIVE;
				GCC_WARN_UNUSED_FUNCTION = YES;
				GCC_WARN_UNUSED_VARIABLE = YES;
				IPHONEOS_DEPLOYMENT_TARGET = 8.4;
				MTL_ENABLE_DEBUG_INFO = NO;
				SDKROOT = iphoneos;
				TARGETED_DEVICE_FAMILY = "1,2";
				VALIDATE_PRODUCT = YES;
			};
			name = Release;
		};
		6344B7481B6033BD00232CE2 /* Debug */ = {
			isa = XCBuildConfiguration;
			buildSettings = {
				ASSETCATALOG_COMPILER_APPICON_NAME = AppIcon;
				INFOPLIST_FILE = icraMenu/Info.plist;
				LD_RUNPATH_SEARCH_PATHS = "$(inherited) @executable_path/Frameworks";
				PRODUCT_NAME = "$(TARGET_NAME)";
			};
			name = Debug;
		};
		6344B7491B6033BD00232CE2 /* Release */ = {
			isa = XCBuildConfiguration;
			buildSettings = {
				ASSETCATALOG_COMPILER_APPICON_NAME = AppIcon;
				INFOPLIST_FILE = icraMenu/Info.plist;
				LD_RUNPATH_SEARCH_PATHS = "$(inherited) @executable_path/Frameworks";
				PRODUCT_NAME = "$(TARGET_NAME)";
			};
			name = Release;
		};
		6344B74B1B6033BD00232CE2 /* Debug */ = {
			isa = XCBuildConfiguration;
			buildSettings = {
				BUNDLE_LOADER = "$(TEST_HOST)";
				FRAMEWORK_SEARCH_PATHS = (
					"$(SDKROOT)/Developer/Library/Frameworks",
					"$(inherited)",
				);
				GCC_PREPROCESSOR_DEFINITIONS = (
					"DEBUG=1",
					"$(inherited)",
				);
				INFOPLIST_FILE = icraMenuTests/Info.plist;
				LD_RUNPATH_SEARCH_PATHS = "$(inherited) @executable_path/Frameworks @loader_path/Frameworks";
				PRODUCT_NAME = "$(TARGET_NAME)";
				TEST_HOST = "$(BUILT_PRODUCTS_DIR)/icraMenu.app/icraMenu";
			};
			name = Debug;
		};
		6344B74C1B6033BD00232CE2 /* Release */ = {
			isa = XCBuildConfiguration;
			buildSettings = {
				BUNDLE_LOADER = "$(TEST_HOST)";
				FRAMEWORK_SEARCH_PATHS = (
					"$(SDKROOT)/Developer/Library/Frameworks",
					"$(inherited)",
				);
				INFOPLIST_FILE = icraMenuTests/Info.plist;
				LD_RUNPATH_SEARCH_PATHS = "$(inherited) @executable_path/Frameworks @loader_path/Frameworks";
				PRODUCT_NAME = "$(TARGET_NAME)";
				TEST_HOST = "$(BUILT_PRODUCTS_DIR)/icraMenu.app/icraMenu";
			};
			name = Release;
		};
/* End XCBuildConfiguration section */

/* Begin XCConfigurationList section */
		6344B7231B6033BD00232CE2 /* Build configuration list for PBXProject "icraMenu" */ = {
			isa = XCConfigurationList;
			buildConfigurations = (
				6344B7451B6033BD00232CE2 /* Debug */,
				6344B7461B6033BD00232CE2 /* Release */,
			);
			defaultConfigurationIsVisible = 0;
			defaultConfigurationName = Release;
		};
		6344B7471B6033BD00232CE2 /* Build configuration list for PBXNativeTarget "icraMenu" */ = {
			isa = XCConfigurationList;
			buildConfigurations = (
				6344B7481B6033BD00232CE2 /* Debug */,
				6344B7491B6033BD00232CE2 /* Release */,
			);
			defaultConfigurationIsVisible = 0;
		};
		6344B74A1B6033BD00232CE2 /* Build configuration list for PBXNativeTarget "icraMenuTests" */ = {
			isa = XCConfigurationList;
			buildConfigurations = (
				6344B74B1B6033BD00232CE2 /* Debug */,
				6344B74C1B6033BD00232CE2 /* Release */,
			);
			defaultConfigurationIsVisible = 0;
		};
/* End XCConfigurationList section */
	};
	rootObject = 6344B7201B6033BD00232CE2 /* Project object */;
}
